
Microsoft Visual Studio Solution File, Format Version 12.00
# Visual Studio 15
VisualStudioVersion = 15.0.28307.645
MinimumVisualStudioVersion = 10.0.40219.1
Project("{FAE04EC0-301F-11D3-BF4B-00C04F79EFBC}") = "Students.Data", "DataBase Design\Students.Data.csproj", "{D77D11B3-677A-44EA-A95D-F86EA41B36F0}"
EndProject
Project("{FAE04EC0-301F-11D3-BF4B-00C04F79EFBC}") = "Student.Web", "Student.Web\Student.Web.csproj", "{6CFA5888-A4BC-4738-B802-EF9CAB663239}"
EndProject
Project("{FAE04EC0-301F-11D3-BF4B-00C04F79EFBC}") = "Students.API", "Students.API\Students.API.csproj", "{803070D6-00D8-42F7-9153-CBDD4AAEE5BD}"
EndProject
Global
	GlobalSection(SolutionConfigurationPlatforms) = preSolution
		Debug|Any CPU = Debug|Any CPU
		Release|Any CPU = Release|Any CPU
	EndGlobalSection
	GlobalSection(ProjectConfigurationPlatforms) = postSolution
		{D77D11B3-677A-44EA-A95D-F86EA41B36F0}.Debug|Any CPU.ActiveCfg = Debug|Any CPU
		{D77D11B3-677A-44EA-A95D-F86EA41B36F0}.Debug|Any CPU.Build.0 = Debug|Any CPU
		{D77D11B3-677A-44EA-A95D-F86EA41B36F0}.Release|Any CPU.ActiveCfg = Release|Any CPU
		{D77D11B3-677A-44EA-A95D-F86EA41B36F0}.Release|Any CPU.Build.0 = Release|Any CPU
		{6CFA5888-A4BC-4738-B802-EF9CAB663239}.Debug|Any CPU.ActiveCfg = Debug|Any CPU
		{6CFA5888-A4BC-4738-B802-EF9CAB663239}.Debug|Any CPU.Build.0 = Debug|Any CPU
		{6CFA5888-A4BC-4738-B802-EF9CAB663239}.Release|Any CPU.ActiveCfg = Release|Any CPU
		{6CFA5888-A4BC-4738-B802-EF9CAB663239}.Release|Any CPU.Build.0 = Release|Any CPU
		{803070D6-00D8-42F7-9153-CBDD4AAEE5BD}.Debug|Any CPU.ActiveCfg = Debug|Any CPU
		{803070D6-00D8-42F7-9153-CBDD4AAEE5BD}.Debug|Any CPU.Build.0 = Debug|Any CPU
		{803070D6-00D8-42F7-9153-CBDD4AAEE5BD}.Release|Any CPU.ActiveCfg = Release|Any CPU
		{803070D6-00D8-42F7-9153-CBDD4AAEE5BD}.Release|Any CPU.Build.0 = Release|Any CPU
	EndGlobalSection
	GlobalSection(SolutionProperties) = preSolution
		HideSolutionNode = FALSE
	EndGlobalSection
	GlobalSection(ExtensibilityGlobals) = postSolution
		SolutionGuid = {3785D9C1-81E7-482D-A92B-4CB8E964666A}
	EndGlobalSection
EndGlobal
